
Microsoft Visual Studio Solution File, Format Version 12.00
# Visual Studio Version 16
VisualStudioVersion = 16.0.31515.178
MinimumVisualStudioVersion = 10.0.40219.1
Project("{FAE04EC0-301F-11D3-BF4B-00C04F79EFBC}") = "yad2-clone-server", "yad2-clone-server\yad2-clone-server.csproj", "{0A6C059D-D6B8-4749-ABEF-ACDA3B8DC44C}"
EndProject
Global
	GlobalSection(SolutionConfigurationPlatforms) = preSolution
		Debug|Any CPU = Debug|Any CPU
		Release|Any CPU = Release|Any CPU
	EndGlobalSection
	GlobalSection(ProjectConfigurationPlatforms) = postSolution
		{0A6C059D-D6B8-4749-ABEF-ACDA3B8DC44C}.Debug|Any CPU.ActiveCfg = Debug|Any CPU
		{0A6C059D-D6B8-4749-ABEF-ACDA3B8DC44C}.Debug|Any CPU.Build.0 = Debug|Any CPU
		{0A6C059D-D6B8-4749-ABEF-ACDA3B8DC44C}.Release|Any CPU.ActiveCfg = Release|Any CPU
		{0A6C059D-D6B8-4749-ABEF-ACDA3B8DC44C}.Release|Any CPU.Build.0 = Release|Any CPU
	EndGlobalSection
	GlobalSection(SolutionProperties) = preSolution
		HideSolutionNode = FALSE
	EndGlobalSection
	GlobalSection(ExtensibilityGlobals) = postSolution
		SolutionGuid = {A2E25939-5304-4441-BD1C-6CF76A996061}
	EndGlobalSection
EndGlobal
